{
  "requires": true,
  "lockfileVersion": 1,
  "dependencies": {
    "@popperjs/core": {
      "version": "2.3.3",
      "resolved": "https://registry.npmjs.org/@popperjs/core/-/core-2.3.3.tgz",
      "integrity": "sha512-yEvVC8RfhRPkD9TUn7cFcLcgoJePgZRAOR7T21rcRY5I8tpuhzeWfGa7We7tB14fe9R7wENdqUABcMdwD4SQLw=="
    }
  }
}
